
Microsoft Visual Studio Solution File, Format Version 12.00
Project("{FAE04EC0-301F-11D3-BF4B-00C04F79EFBC}") = "App", "App\App.csproj", "{651A0C92-196E-4A4E-9BCE-24A9239F999C}"
EndProject
Project("{FAE04EC0-301F-11D3-BF4B-00C04F79EFBC}") = "App.Tests", "App.Tests\App.Tests.csproj", "{AFF53E2D-8EB8-4548-82F5-2FF22A93CD2E}"
EndProject
Global
	GlobalSection(SolutionConfigurationPlatforms) = preSolution
		Debug|Any CPU = Debug|Any CPU
		Release|Any CPU = Release|Any CPU
	EndGlobalSection
	GlobalSection(ProjectConfigurationPlatforms) = postSolution
		{651A0C92-196E-4A4E-9BCE-24A9239F999C}.Debug|Any CPU.ActiveCfg = Debug|Any CPU
		{651A0C92-196E-4A4E-9BCE-24A9239F999C}.Debug|Any CPU.Build.0 = Debug|Any CPU
		{651A0C92-196E-4A4E-9BCE-24A9239F999C}.Release|Any CPU.ActiveCfg = Release|Any CPU
		{651A0C92-196E-4A4E-9BCE-24A9239F999C}.Release|Any CPU.Build.0 = Release|Any CPU
		{AFF53E2D-8EB8-4548-82F5-2FF22A93CD2E}.Debug|Any CPU.ActiveCfg = Debug|Any CPU
		{AFF53E2D-8EB8-4548-82F5-2FF22A93CD2E}.Debug|Any CPU.Build.0 = Debug|Any CPU
		{AFF53E2D-8EB8-4548-82F5-2FF22A93CD2E}.Release|Any CPU.ActiveCfg = Release|Any CPU
		{AFF53E2D-8EB8-4548-82F5-2FF22A93CD2E}.Release|Any CPU.Build.0 = Release|Any CPU
	EndGlobalSection
EndGlobal
